
Microsoft Visual Studio Solution File, Format Version 12.00
# Visual Studio Version 17
VisualStudioVersion = 17.3.32922.545
MinimumVisualStudioVersion = 10.0.40219.1
Project("{FAE04EC0-301F-11D3-BF4B-00C04F79EFBC}") = "Spartacus", "Spartacus\Spartacus.csproj", "{7E9729AA-4CF2-4D0A-8183-7FB7CE7A5B19}"
EndProject
Global
	GlobalSection(SolutionConfigurationPlatforms) = preSolution
		Debug|Any CPU = Debug|Any CPU
		Debug|x64 = Debug|x64
		Release|Any CPU = Release|Any CPU
		Release|x64 = Release|x64
	EndGlobalSection
	GlobalSection(ProjectConfigurationPlatforms) = postSolution
		{7E9729AA-4CF2-4D0A-8183-7FB7CE7A5B19}.Debug|Any CPU.ActiveCfg = Debug|Any CPU
		{7E9729AA-4CF2-4D0A-8183-7FB7CE7A5B19}.Debug|Any CPU.Build.0 = Debug|Any CPU
		{7E9729AA-4CF2-4D0A-8183-7FB7CE7A5B19}.Debug|x64.ActiveCfg = Debug|x64
		{7E9729AA-4CF2-4D0A-8183-7FB7CE7A5B19}.Debug|x64.Build.0 = Debug|x64
		{7E9729AA-4CF2-4D0A-8183-7FB7CE7A5B19}.Release|Any CPU.ActiveCfg = Release|Any CPU
		{7E9729AA-4CF2-4D0A-8183-7FB7CE7A5B19}.Release|Any CPU.Build.0 = Release|Any CPU
		{7E9729AA-4CF2-4D0A-8183-7FB7CE7A5B19}.Release|x64.ActiveCfg = Release|x64
		{7E9729AA-4CF2-4D0A-8183-7FB7CE7A5B19}.Release|x64.Build.0 = Release|x64
	EndGlobalSection
	GlobalSection(SolutionProperties) = preSolution
		HideSolutionNode = FALSE
	EndGlobalSection
	GlobalSection(ExtensibilityGlobals) = postSolution
		SolutionGuid = {F5AA9A6A-172C-489D-B1DF-FCD43E427943}
	EndGlobalSection
EndGlobal
